
Microsoft Visual Studio Solution File, Format Version 12.00
# Visual Studio Version 17
VisualStudioVersion = 17.9.34607.119
MinimumVisualStudioVersion = 10.0.40219.1
Project("{9A19103F-16F7-4668-BE54-9A1E7A4F7556}") = "FirstApp", "FirstApp\FirstApp.csproj", "{DD55185A-08F3-4616-B1F1-3B5F249ACE50}"
EndProject
Project("{9A19103F-16F7-4668-BE54-9A1E7A4F7556}") = "Discount", "Lesson 2\Discount\Discount.csproj", "{74EEE3F7-E381-4F63-B628-7B0029E7E59D}"
EndProject
Project("{FAE04EC0-301F-11D3-BF4B-00C04F79EFBC}") = "Time", "Time\Time.csproj", "{9A38C3BD-1309-4F6E-BC2F-DBFFB0EA7704}"
EndProject
Project("{9A19103F-16F7-4668-BE54-9A1E7A4F7556}") = "Book", "Lesson 2\Book\Book.csproj", "{CDBE4395-747F-4186-8EFB-5DE0968DFD09}"
EndProject
Project("{9A19103F-16F7-4668-BE54-9A1E7A4F7556}") = "Switching_numbers", "Lesson_3\Switching_numbers\Switching_numbers.csproj", "{4EF93EF4-DD4E-4370-A8A9-88C1EC67111B}"
EndProject
Project("{9A19103F-16F7-4668-BE54-9A1E7A4F7556}") = "Square_Number", "Lesson_3\Square_Number\Square_Number.csproj", "{9741C234-48AF-401D-B879-5A09EAFD7916}"
EndProject
Project("{9A19103F-16F7-4668-BE54-9A1E7A4F7556}") = "Switching_two_numbers", "Lesson_3\Switching_two_numbers\Switching_two_numbers.csproj", "{E8DB997D-52FA-410C-B359-FE39B7605B88}"
EndProject
Project("{9A19103F-16F7-4668-BE54-9A1E7A4F7556}") = "Arithmetic_mean", "Lesson_3\Arithmetic_mean\Arithmetic_mean.csproj", "{12F2B383-A9DA-418A-A9B9-913354864194}"
EndProject
Project("{9A19103F-16F7-4668-BE54-9A1E7A4F7556}") = "Area_of_Circle", "Lesson_3\Area_of_Circle\Area_of_Circle.csproj", "{9E4C0A2F-E0A9-4A85-BF80-C6269D8BF24C}"
EndProject
Project("{9A19103F-16F7-4668-BE54-9A1E7A4F7556}") = "Options_moving", "Lesson_3\Options_moving\Options_moving.csproj", "{E2B692E5-03F7-4EE9-8768-67D09FE5DC94}"
EndProject
Project("{FAE04EC0-301F-11D3-BF4B-00C04F79EFBC}") = "Comparison_of_numbers", "Lesson_4\Comparison_of_numbers\Comparison_of_numbers.csproj", "{272AD4BC-29D5-418C-89FA-54CE5EB942E8}"
EndProject
Global
	GlobalSection(SolutionConfigurationPlatforms) = preSolution
		Debug|Any CPU = Debug|Any CPU
		Release|Any CPU = Release|Any CPU
	EndGlobalSection
	GlobalSection(ProjectConfigurationPlatforms) = postSolution
		{DD55185A-08F3-4616-B1F1-3B5F249ACE50}.Debug|Any CPU.ActiveCfg = Debug|Any CPU
		{DD55185A-08F3-4616-B1F1-3B5F249ACE50}.Debug|Any CPU.Build.0 = Debug|Any CPU
		{DD55185A-08F3-4616-B1F1-3B5F249ACE50}.Release|Any CPU.ActiveCfg = Release|Any CPU
		{DD55185A-08F3-4616-B1F1-3B5F249ACE50}.Release|Any CPU.Build.0 = Release|Any CPU
		{74EEE3F7-E381-4F63-B628-7B0029E7E59D}.Debug|Any CPU.ActiveCfg = Debug|Any CPU
		{74EEE3F7-E381-4F63-B628-7B0029E7E59D}.Debug|Any CPU.Build.0 = Debug|Any CPU
		{74EEE3F7-E381-4F63-B628-7B0029E7E59D}.Release|Any CPU.ActiveCfg = Release|Any CPU
		{74EEE3F7-E381-4F63-B628-7B0029E7E59D}.Release|Any CPU.Build.0 = Release|Any CPU
		{9A38C3BD-1309-4F6E-BC2F-DBFFB0EA7704}.Debug|Any CPU.ActiveCfg = Debug|Any CPU
		{9A38C3BD-1309-4F6E-BC2F-DBFFB0EA7704}.Debug|Any CPU.Build.0 = Debug|Any CPU
		{9A38C3BD-1309-4F6E-BC2F-DBFFB0EA7704}.Release|Any CPU.ActiveCfg = Release|Any CPU
		{9A38C3BD-1309-4F6E-BC2F-DBFFB0EA7704}.Release|Any CPU.Build.0 = Release|Any CPU
		{CDBE4395-747F-4186-8EFB-5DE0968DFD09}.Debug|Any CPU.ActiveCfg = Debug|Any CPU
		{CDBE4395-747F-4186-8EFB-5DE0968DFD09}.Debug|Any CPU.Build.0 = Debug|Any CPU
		{CDBE4395-747F-4186-8EFB-5DE0968DFD09}.Release|Any CPU.ActiveCfg = Release|Any CPU
		{CDBE4395-747F-4186-8EFB-5DE0968DFD09}.Release|Any CPU.Build.0 = Release|Any CPU
		{4EF93EF4-DD4E-4370-A8A9-88C1EC67111B}.Debug|Any CPU.ActiveCfg = Debug|Any CPU
		{4EF93EF4-DD4E-4370-A8A9-88C1EC67111B}.Debug|Any CPU.Build.0 = Debug|Any CPU
		{4EF93EF4-DD4E-4370-A8A9-88C1EC67111B}.Release|Any CPU.ActiveCfg = Release|Any CPU
		{4EF93EF4-DD4E-4370-A8A9-88C1EC67111B}.Release|Any CPU.Build.0 = Release|Any CPU
		{9741C234-48AF-401D-B879-5A09EAFD7916}.Debug|Any CPU.ActiveCfg = Debug|Any CPU
		{9741C234-48AF-401D-B879-5A09EAFD7916}.Debug|Any CPU.Build.0 = Debug|Any CPU
		{9741C234-48AF-401D-B879-5A09EAFD7916}.Release|Any CPU.ActiveCfg = Release|Any CPU
		{9741C234-48AF-401D-B879-5A09EAFD7916}.Release|Any CPU.Build.0 = Release|Any CPU
		{E8DB997D-52FA-410C-B359-FE39B7605B88}.Debug|Any CPU.ActiveCfg = Debug|Any CPU
		{E8DB997D-52FA-410C-B359-FE39B7605B88}.Debug|Any CPU.Build.0 = Debug|Any CPU
		{E8DB997D-52FA-410C-B359-FE39B7605B88}.Release|Any CPU.ActiveCfg = Release|Any CPU
		{E8DB997D-52FA-410C-B359-FE39B7605B88}.Release|Any CPU.Build.0 = Release|Any CPU
		{12F2B383-A9DA-418A-A9B9-913354864194}.Debug|Any CPU.ActiveCfg = Debug|Any CPU
		{12F2B383-A9DA-418A-A9B9-913354864194}.Debug|Any CPU.Build.0 = Debug|Any CPU
		{12F2B383-A9DA-418A-A9B9-913354864194}.Release|Any CPU.ActiveCfg = Release|Any CPU
		{12F2B383-A9DA-418A-A9B9-913354864194}.Release|Any CPU.Build.0 = Release|Any CPU
		{9E4C0A2F-E0A9-4A85-BF80-C6269D8BF24C}.Debug|Any CPU.ActiveCfg = Debug|Any CPU
		{9E4C0A2F-E0A9-4A85-BF80-C6269D8BF24C}.Debug|Any CPU.Build.0 = Debug|Any CPU
		{9E4C0A2F-E0A9-4A85-BF80-C6269D8BF24C}.Release|Any CPU.ActiveCfg = Release|Any CPU
		{9E4C0A2F-E0A9-4A85-BF80-C6269D8BF24C}.Release|Any CPU.Build.0 = Release|Any CPU
		{E2B692E5-03F7-4EE9-8768-67D09FE5DC94}.Debug|Any CPU.ActiveCfg = Debug|Any CPU
		{E2B692E5-03F7-4EE9-8768-67D09FE5DC94}.Debug|Any CPU.Build.0 = Debug|Any CPU
		{E2B692E5-03F7-4EE9-8768-67D09FE5DC94}.Release|Any CPU.ActiveCfg = Release|Any CPU
		{E2B692E5-03F7-4EE9-8768-67D09FE5DC94}.Release|Any CPU.Build.0 = Release|Any CPU
		{272AD4BC-29D5-418C-89FA-54CE5EB942E8}.Debug|Any CPU.ActiveCfg = Debug|Any CPU
		{272AD4BC-29D5-418C-89FA-54CE5EB942E8}.Debug|Any CPU.Build.0 = Debug|Any CPU
		{272AD4BC-29D5-418C-89FA-54CE5EB942E8}.Release|Any CPU.ActiveCfg = Release|Any CPU
		{272AD4BC-29D5-418C-89FA-54CE5EB942E8}.Release|Any CPU.Build.0 = Release|Any CPU
	EndGlobalSection
	GlobalSection(SolutionProperties) = preSolution
		HideSolutionNode = FALSE
	EndGlobalSection
	GlobalSection(ExtensibilityGlobals) = postSolution
		SolutionGuid = {EDB7D072-0EAE-44B2-9350-CF3149F7183A}
	EndGlobalSection
EndGlobal
